
Microsoft Visual Studio Solution File, Format Version 12.00
# Visual Studio Version 17
VisualStudioVersion = 17.7.34009.444
MinimumVisualStudioVersion = 10.0.40219.1
Project("{FAE04EC0-301F-11D3-BF4B-00C04F79EFBC}") = "Ecommerce", "Ecommerce\Ecommerce.csproj", "{D6B1502C-0138-4E95-A042-4EA1570B6708}"
EndProject
Global
	GlobalSection(SolutionConfigurationPlatforms) = preSolution
		Debug|Any CPU = Debug|Any CPU
		Release|Any CPU = Release|Any CPU
	EndGlobalSection
	GlobalSection(ProjectConfigurationPlatforms) = postSolution
		{D6B1502C-0138-4E95-A042-4EA1570B6708}.Debug|Any CPU.ActiveCfg = Debug|Any CPU
		{D6B1502C-0138-4E95-A042-4EA1570B6708}.Debug|Any CPU.Build.0 = Debug|Any CPU
		{D6B1502C-0138-4E95-A042-4EA1570B6708}.Release|Any CPU.ActiveCfg = Release|Any CPU
		{D6B1502C-0138-4E95-A042-4EA1570B6708}.Release|Any CPU.Build.0 = Release|Any CPU
	EndGlobalSection
	GlobalSection(SolutionProperties) = preSolution
		HideSolutionNode = FALSE
	EndGlobalSection
	GlobalSection(ExtensibilityGlobals) = postSolution
		SolutionGuid = {C9363B22-61E3-4ED1-AAD1-57247410E4FF}
	EndGlobalSection
EndGlobal
